
Microsoft Visual Studio Solution File, Format Version 12.00
# Visual Studio Version 16
VisualStudioVersion = 16.0.31005.135
MinimumVisualStudioVersion = 10.0.40219.1
Project("{FAE04EC0-301F-11D3-BF4B-00C04F79EFBC}") = "kanji.handwritting.ui.UWP", "kanji.handwritting.ui\kanji.handwritting.ui.UWP\kanji.handwritting.ui.UWP.csproj", "{FAFB23A6-CAD8-4A6C-A45B-0955E2B2B0F6}"
EndProject
Project("{FAE04EC0-301F-11D3-BF4B-00C04F79EFBC}") = "kanji.handwritting.ui.Android", "kanji.handwritting.ui\kanji.handwritting.ui.Android\kanji.handwritting.ui.Android.csproj", "{CBC22A24-178E-4EF2-B85B-72A97B61FFF0}"
EndProject
Project("{FAE04EC0-301F-11D3-BF4B-00C04F79EFBC}") = "kanji.handwritting.ui.iOS", "kanji.handwritting.ui\kanji.handwritting.ui.iOS\kanji.handwritting.ui.iOS.csproj", "{C7944CB9-C479-445C-B66D-141CCD6F6296}"
EndProject
Project("{9A19103F-16F7-4668-BE54-9A1E7A4F7556}") = "kanji.handwritting.ui", "kanji.handwritting.ui\kanji.handwritting.ui\kanji.handwritting.ui.csproj", "{72E1D522-466E-4A42-90D9-7DEF8800DB98}"
EndProject
Project("{9A19103F-16F7-4668-BE54-9A1E7A4F7556}") = "svgpoints", "svgpoints\svgpoints.csproj", "{74A5AC50-0447-45DF-B676-9D530302C422}"
EndProject
Project("{9A19103F-16F7-4668-BE54-9A1E7A4F7556}") = "kanji.handwritting.resources", "kanji.handwritting.resources\kanji.handwritting.resources.csproj", "{79E4631F-B958-426A-B0CD-E4FEBDAE2C8E}"
EndProject
Project("{FAE04EC0-301F-11D3-BF4B-00C04F79EFBC}") = "kanji.handwritting.common", "kanji.handwritting.common\kanji.handwritting.common.csproj", "{A3B562A2-E399-4692-94F8-735D1370A005}"
EndProject
Global
	GlobalSection(SolutionConfigurationPlatforms) = preSolution
		Debug|Any CPU = Debug|Any CPU
		Debug|ARM = Debug|ARM
		Debug|iPhone = Debug|iPhone
		Debug|iPhoneSimulator = Debug|iPhoneSimulator
		Debug|x64 = Debug|x64
		Debug|x86 = Debug|x86
		Release|Any CPU = Release|Any CPU
		Release|ARM = Release|ARM
		Release|iPhone = Release|iPhone
		Release|iPhoneSimulator = Release|iPhoneSimulator
		Release|x64 = Release|x64
		Release|x86 = Release|x86
	EndGlobalSection
	GlobalSection(ProjectConfigurationPlatforms) = postSolution
		{FAFB23A6-CAD8-4A6C-A45B-0955E2B2B0F6}.Debug|Any CPU.ActiveCfg = Debug|x86
		{FAFB23A6-CAD8-4A6C-A45B-0955E2B2B0F6}.Debug|Any CPU.Build.0 = Debug|x86
		{FAFB23A6-CAD8-4A6C-A45B-0955E2B2B0F6}.Debug|Any CPU.Deploy.0 = Debug|x86
		{FAFB23A6-CAD8-4A6C-A45B-0955E2B2B0F6}.Debug|ARM.ActiveCfg = Debug|ARM
		{FAFB23A6-CAD8-4A6C-A45B-0955E2B2B0F6}.Debug|ARM.Build.0 = Debug|ARM
		{FAFB23A6-CAD8-4A6C-A45B-0955E2B2B0F6}.Debug|ARM.Deploy.0 = Debug|ARM
		{FAFB23A6-CAD8-4A6C-A45B-0955E2B2B0F6}.Debug|iPhone.ActiveCfg = Debug|x86
		{FAFB23A6-CAD8-4A6C-A45B-0955E2B2B0F6}.Debug|iPhone.Build.0 = Debug|x86
		{FAFB23A6-CAD8-4A6C-A45B-0955E2B2B0F6}.Debug|iPhone.Deploy.0 = Debug|x86
		{FAFB23A6-CAD8-4A6C-A45B-0955E2B2B0F6}.Debug|iPhoneSimulator.ActiveCfg = Debug|x86
		{FAFB23A6-CAD8-4A6C-A45B-0955E2B2B0F6}.Debug|iPhoneSimulator.Build.0 = Debug|x86
		{FAFB23A6-CAD8-4A6C-A45B-0955E2B2B0F6}.Debug|iPhoneSimulator.Deploy.0 = Debug|x86
		{FAFB23A6-CAD8-4A6C-A45B-0955E2B2B0F6}.Debug|x64.ActiveCfg = Debug|x64
		{FAFB23A6-CAD8-4A6C-A45B-0955E2B2B0F6}.Debug|x64.Build.0 = Debug|x64
		{FAFB23A6-CAD8-4A6C-A45B-0955E2B2B0F6}.Debug|x64.Deploy.0 = Debug|x64
		{FAFB23A6-CAD8-4A6C-A45B-0955E2B2B0F6}.Debug|x86.ActiveCfg = Debug|x86
		{FAFB23A6-CAD8-4A6C-A45B-0955E2B2B0F6}.Debug|x86.Build.0 = Debug|x86
		{FAFB23A6-CAD8-4A6C-A45B-0955E2B2B0F6}.Debug|x86.Deploy.0 = Debug|x86
		{FAFB23A6-CAD8-4A6C-A45B-0955E2B2B0F6}.Release|Any CPU.ActiveCfg = Release|x86
		{FAFB23A6-CAD8-4A6C-A45B-0955E2B2B0F6}.Release|Any CPU.Build.0 = Release|x86
		{FAFB23A6-CAD8-4A6C-A45B-0955E2B2B0F6}.Release|Any CPU.Deploy.0 = Release|x86
		{FAFB23A6-CAD8-4A6C-A45B-0955E2B2B0F6}.Release|ARM.ActiveCfg = Release|ARM
		{FAFB23A6-CAD8-4A6C-A45B-0955E2B2B0F6}.Release|ARM.Build.0 = Release|ARM
		{FAFB23A6-CAD8-4A6C-A45B-0955E2B2B0F6}.Release|ARM.Deploy.0 = Release|ARM
		{FAFB23A6-CAD8-4A6C-A45B-0955E2B2B0F6}.Release|iPhone.ActiveCfg = Release|x86
		{FAFB23A6-CAD8-4A6C-A45B-0955E2B2B0F6}.Release|iPhone.Build.0 = Release|x86
		{FAFB23A6-CAD8-4A6C-A45B-0955E2B2B0F6}.Release|iPhone.Deploy.0 = Release|x86
		{FAFB23A6-CAD8-4A6C-A45B-0955E2B2B0F6}.Release|iPhoneSimulator.ActiveCfg = Release|x86
		{FAFB23A6-CAD8-4A6C-A45B-0955E2B2B0F6}.Release|iPhoneSimulator.Build.0 = Release|x86
		{FAFB23A6-CAD8-4A6C-A45B-0955E2B2B0F6}.Release|iPhoneSimulator.Deploy.0 = Release|x86
		{FAFB23A6-CAD8-4A6C-A45B-0955E2B2B0F6}.Release|x64.ActiveCfg = Release|x64
		{FAFB23A6-CAD8-4A6C-A45B-0955E2B2B0F6}.Release|x64.Build.0 = Release|x64
		{FAFB23A6-CAD8-4A6C-A45B-0955E2B2B0F6}.Release|x64.Deploy.0 = Release|x64
		{FAFB23A6-CAD8-4A6C-A45B-0955E2B2B0F6}.Release|x86.ActiveCfg = Release|x86
		{FAFB23A6-CAD8-4A6C-A45B-0955E2B2B0F6}.Release|x86.Build.0 = Release|x86
		{FAFB23A6-CAD8-4A6C-A45B-0955E2B2B0F6}.Release|x86.Deploy.0 = Release|x86
		{CBC22A24-178E-4EF2-B85B-72A97B61FFF0}.Debug|Any CPU.ActiveCfg = Debug|Any CPU
		{CBC22A24-178E-4EF2-B85B-72A97B61FFF0}.Debug|Any CPU.Build.0 = Debug|Any CPU
		{CBC22A24-178E-4EF2-B85B-72A97B61FFF0}.Debug|Any CPU.Deploy.0 = Debug|Any CPU
		{CBC22A24-178E-4EF2-B85B-72A97B61FFF0}.Debug|ARM.ActiveCfg = Debug|Any CPU
		{CBC22A24-178E-4EF2-B85B-72A97B61FFF0}.Debug|ARM.Build.0 = Debug|Any CPU
		{CBC22A24-178E-4EF2-B85B-72A97B61FFF0}.Debug|ARM.Deploy.0 = Debug|Any CPU
		{CBC22A24-178E-4EF2-B85B-72A97B61FFF0}.Debug|iPhone.ActiveCfg = Debug|Any CPU
		{CBC22A24-178E-4EF2-B85B-72A97B61FFF0}.Debug|iPhone.Build.0 = Debug|Any CPU
		{CBC22A24-178E-4EF2-B85B-72A97B61FFF0}.Debug|iPhone.Deploy.0 = Debug|Any CPU
		{CBC22A24-178E-4EF2-B85B-72A97B61FFF0}.Debug|iPhoneSimulator.ActiveCfg = Debug|Any CPU
		{CBC22A24-178E-4EF2-B85B-72A97B61FFF0}.Debug|iPhoneSimulator.Build.0 = Debug|Any CPU
		{CBC22A24-178E-4EF2-B85B-72A97B61FFF0}.Debug|iPhoneSimulator.Deploy.0 = Debug|Any CPU
		{CBC22A24-178E-4EF2-B85B-72A97B61FFF0}.Debug|x64.ActiveCfg = Debug|Any CPU
		{CBC22A24-178E-4EF2-B85B-72A97B61FFF0}.Debug|x64.Build.0 = Debug|Any CPU
		{CBC22A24-178E-4EF2-B85B-72A97B61FFF0}.Debug|x64.Deploy.0 = Debug|Any CPU
		{CBC22A24-178E-4EF2-B85B-72A97B61FFF0}.Debug|x86.ActiveCfg = Debug|Any CPU
		{CBC22A24-178E-4EF2-B85B-72A97B61FFF0}.Debug|x86.Build.0 = Debug|Any CPU
		{CBC22A24-178E-4EF2-B85B-72A97B61FFF0}.Debug|x86.Deploy.0 = Debug|Any CPU
		{CBC22A24-178E-4EF2-B85B-72A97B61FFF0}.Release|Any CPU.ActiveCfg = Release|Any CPU
		{CBC22A24-178E-4EF2-B85B-72A97B61FFF0}.Release|Any CPU.Build.0 = Release|Any CPU
		{CBC22A24-178E-4EF2-B85B-72A97B61FFF0}.Release|Any CPU.Deploy.0 = Release|Any CPU
		{CBC22A24-178E-4EF2-B85B-72A97B61FFF0}.Release|ARM.ActiveCfg = Release|Any CPU
		{CBC22A24-178E-4EF2-B85B-72A97B61FFF0}.Release|ARM.Build.0 = Release|Any CPU
		{CBC22A24-178E-4EF2-B85B-72A97B61FFF0}.Release|ARM.Deploy.0 = Release|Any CPU
		{CBC22A24-178E-4EF2-B85B-72A97B61FFF0}.Release|iPhone.ActiveCfg = Release|Any CPU
		{CBC22A24-178E-4EF2-B85B-72A97B61FFF0}.Release|iPhone.Build.0 = Release|Any CPU
		{CBC22A24-178E-4EF2-B85B-72A97B61FFF0}.Release|iPhone.Deploy.0 = Release|Any CPU
		{CBC22A24-178E-4EF2-B85B-72A97B61FFF0}.Release|iPhoneSimulator.ActiveCfg = Release|Any CPU
		{CBC22A24-178E-4EF2-B85B-72A97B61FFF0}.Release|iPhoneSimulator.Build.0 = Release|Any CPU
		{CBC22A24-178E-4EF2-B85B-72A97B61FFF0}.Release|iPhoneSimulator.Deploy.0 = Release|Any CPU
		{CBC22A24-178E-4EF2-B85B-72A97B61FFF0}.Release|x64.ActiveCfg = Release|Any CPU
		{CBC22A24-178E-4EF2-B85B-72A97B61FFF0}.Release|x64.Build.0 = Release|Any CPU
		{CBC22A24-178E-4EF2-B85B-72A97B61FFF0}.Release|x64.Deploy.0 = Release|Any CPU
		{CBC22A24-178E-4EF2-B85B-72A97B61FFF0}.Release|x86.ActiveCfg = Release|Any CPU
		{CBC22A24-178E-4EF2-B85B-72A97B61FFF0}.Release|x86.Build.0 = Release|Any CPU
		{CBC22A24-178E-4EF2-B85B-72A97B61FFF0}.Release|x86.Deploy.0 = Release|Any CPU
		{C7944CB9-C479-445C-B66D-141CCD6F6296}.Debug|Any CPU.ActiveCfg = Debug|iPhoneSimulator
		{C7944CB9-C479-445C-B66D-141CCD6F6296}.Debug|Any CPU.Build.0 = Debug|iPhoneSimulator
		{C7944CB9-C479-445C-B66D-141CCD6F6296}.Debug|Any CPU.Deploy.0 = Debug|iPhoneSimulator
		{C7944CB9-C479-445C-B66D-141CCD6F6296}.Debug|ARM.ActiveCfg = Debug|iPhone
		{C7944CB9-C479-445C-B66D-141CCD6F6296}.Debug|ARM.Build.0 = Debug|iPhone
		{C7944CB9-C479-445C-B66D-141CCD6F6296}.Debug|ARM.Deploy.0 = Debug|iPhone
		{C7944CB9-C479-445C-B66D-141CCD6F6296}.Debug|iPhone.ActiveCfg = Debug|iPhone
		{C7944CB9-C479-445C-B66D-141CCD6F6296}.Debug|iPhone.Build.0 = Debug|iPhone
		{C7944CB9-C479-445C-B66D-141CCD6F6296}.Debug|iPhone.Deploy.0 = Debug|iPhone
		{C7944CB9-C479-445C-B66D-141CCD6F6296}.Debug|iPhoneSimulator.ActiveCfg = Debug|iPhoneSimulator
		{C7944CB9-C479-445C-B66D-141CCD6F6296}.Debug|iPhoneSimulator.Build.0 = Debug|iPhoneSimulator
		{C7944CB9-C479-445C-B66D-141CCD6F6296}.Debug|iPhoneSimulator.Deploy.0 = Debug|iPhoneSimulator
		{C7944CB9-C479-445C-B66D-141CCD6F6296}.Debug|x64.ActiveCfg = Debug|iPhoneSimulator
		{C7944CB9-C479-445C-B66D-141CCD6F6296}.Debug|x64.Build.0 = Debug|iPhoneSimulator
		{C7944CB9-C479-445C-B66D-141CCD6F6296}.Debug|x64.Deploy.0 = Debug|iPhoneSimulator
		{C7944CB9-C479-445C-B66D-141CCD6F6296}.Debug|x86.ActiveCfg = Debug|iPhoneSimulator
		{C7944CB9-C479-445C-B66D-141CCD6F6296}.Debug|x86.Build.0 = Debug|iPhoneSimulator
		{C7944CB9-C479-445C-B66D-141CCD6F6296}.Debug|x86.Deploy.0 = Debug|iPhoneSimulator
		{C7944CB9-C479-445C-B66D-141CCD6F6296}.Release|Any CPU.ActiveCfg = Release|iPhoneSimulator
		{C7944CB9-C479-445C-B66D-141CCD6F6296}.Release|Any CPU.Build.0 = Release|iPhoneSimulator
		{C7944CB9-C479-445C-B66D-141CCD6F6296}.Release|Any CPU.Deploy.0 = Release|iPhoneSimulator
		{C7944CB9-C479-445C-B66D-141CCD6F6296}.Release|ARM.ActiveCfg = Release|iPhoneSimulator
		{C7944CB9-C479-445C-B66D-141CCD6F6296}.Release|ARM.Build.0 = Release|iPhoneSimulator
		{C7944CB9-C479-445C-B66D-141CCD6F6296}.Release|ARM.Deploy.0 = Release|iPhoneSimulator
		{C7944CB9-C479-445C-B66D-141CCD6F6296}.Release|iPhone.ActiveCfg = Release|iPhone
		{C7944CB9-C479-445C-B66D-141CCD6F6296}.Release|iPhone.Build.0 = Release|iPhone
		{C7944CB9-C479-445C-B66D-141CCD6F6296}.Release|iPhone.Deploy.0 = Release|iPhone
		{C7944CB9-C479-445C-B66D-141CCD6F6296}.Release|iPhoneSimulator.ActiveCfg = Release|iPhoneSimulator
		{C7944CB9-C479-445C-B66D-141CCD6F6296}.Release|iPhoneSimulator.Build.0 = Release|iPhoneSimulator
		{C7944CB9-C479-445C-B66D-141CCD6F6296}.Release|iPhoneSimulator.Deploy.0 = Release|iPhoneSimulator
		{C7944CB9-C479-445C-B66D-141CCD6F6296}.Release|x64.ActiveCfg = Release|iPhoneSimulator
		{C7944CB9-C479-445C-B66D-141CCD6F6296}.Release|x64.Build.0 = Release|iPhoneSimulator
		{C7944CB9-C479-445C-B66D-141CCD6F6296}.Release|x64.Deploy.0 = Release|iPhoneSimulator
		{C7944CB9-C479-445C-B66D-141CCD6F6296}.Release|x86.ActiveCfg = Release|iPhoneSimulator
		{C7944CB9-C479-445C-B66D-141CCD6F6296}.Release|x86.Build.0 = Release|iPhoneSimulator
		{C7944CB9-C479-445C-B66D-141CCD6F6296}.Release|x86.Deploy.0 = Release|iPhoneSimulator
		{72E1D522-466E-4A42-90D9-7DEF8800DB98}.Debug|Any CPU.ActiveCfg = Debug|Any CPU
		{72E1D522-466E-4A42-90D9-7DEF8800DB98}.Debug|Any CPU.Build.0 = Debug|Any CPU
		{72E1D522-466E-4A42-90D9-7DEF8800DB98}.Debug|Any CPU.Deploy.0 = Debug|Any CPU
		{72E1D522-466E-4A42-90D9-7DEF8800DB98}.Debug|ARM.ActiveCfg = Debug|Any CPU
		{72E1D522-466E-4A42-90D9-7DEF8800DB98}.Debug|ARM.Build.0 = Debug|Any CPU
		{72E1D522-466E-4A42-90D9-7DEF8800DB98}.Debug|ARM.Deploy.0 = Debug|Any CPU
		{72E1D522-466E-4A42-90D9-7DEF8800DB98}.Debug|iPhone.ActiveCfg = Debug|Any CPU
		{72E1D522-466E-4A42-90D9-7DEF8800DB98}.Debug|iPhone.Build.0 = Debug|Any CPU
		{72E1D522-466E-4A42-90D9-7DEF8800DB98}.Debug|iPhone.Deploy.0 = Debug|Any CPU
		{72E1D522-466E-4A42-90D9-7DEF8800DB98}.Debug|iPhoneSimulator.ActiveCfg = Debug|Any CPU
		{72E1D522-466E-4A42-90D9-7DEF8800DB98}.Debug|iPhoneSimulator.Build.0 = Debug|Any CPU
		{72E1D522-466E-4A42-90D9-7DEF8800DB98}.Debug|iPhoneSimulator.Deploy.0 = Debug|Any CPU
		{72E1D522-466E-4A42-90D9-7DEF8800DB98}.Debug|x64.ActiveCfg = Debug|Any CPU
		{72E1D522-466E-4A42-90D9-7DEF8800DB98}.Debug|x64.Build.0 = Debug|Any CPU
		{72E1D522-466E-4A42-90D9-7DEF8800DB98}.Debug|x64.Deploy.0 = Debug|Any CPU
		{72E1D522-466E-4A42-90D9-7DEF8800DB98}.Debug|x86.ActiveCfg = Debug|Any CPU
		{72E1D522-466E-4A42-90D9-7DEF8800DB98}.Debug|x86.Build.0 = Debug|Any CPU
		{72E1D522-466E-4A42-90D9-7DEF8800DB98}.Debug|x86.Deploy.0 = Debug|Any CPU
		{72E1D522-466E-4A42-90D9-7DEF8800DB98}.Release|Any CPU.ActiveCfg = Release|Any CPU
		{72E1D522-466E-4A42-90D9-7DEF8800DB98}.Release|Any CPU.Build.0 = Release|Any CPU
		{72E1D522-466E-4A42-90D9-7DEF8800DB98}.Release|Any CPU.Deploy.0 = Release|Any CPU
		{72E1D522-466E-4A42-90D9-7DEF8800DB98}.Release|ARM.ActiveCfg = Release|Any CPU
		{72E1D522-466E-4A42-90D9-7DEF8800DB98}.Release|ARM.Build.0 = Release|Any CPU
		{72E1D522-466E-4A42-90D9-7DEF8800DB98}.Release|ARM.Deploy.0 = Release|Any CPU
		{72E1D522-466E-4A42-90D9-7DEF8800DB98}.Release|iPhone.ActiveCfg = Release|Any CPU
		{72E1D522-466E-4A42-90D9-7DEF8800DB98}.Release|iPhone.Build.0 = Release|Any CPU
		{72E1D522-466E-4A42-90D9-7DEF8800DB98}.Release|iPhone.Deploy.0 = Release|Any CPU
		{72E1D522-466E-4A42-90D9-7DEF8800DB98}.Release|iPhoneSimulator.ActiveCfg = Release|Any CPU
		{72E1D522-466E-4A42-90D9-7DEF8800DB98}.Release|iPhoneSimulator.Build.0 = Release|Any CPU
		{72E1D522-466E-4A42-90D9-7DEF8800DB98}.Release|iPhoneSimulator.Deploy.0 = Release|Any CPU
		{72E1D522-466E-4A42-90D9-7DEF8800DB98}.Release|x64.ActiveCfg = Release|Any CPU
		{72E1D522-466E-4A42-90D9-7DEF8800DB98}.Release|x64.Build.0 = Release|Any CPU
		{72E1D522-466E-4A42-90D9-7DEF8800DB98}.Release|x64.Deploy.0 = Release|Any CPU
		{72E1D522-466E-4A42-90D9-7DEF8800DB98}.Release|x86.ActiveCfg = Release|Any CPU
		{72E1D522-466E-4A42-90D9-7DEF8800DB98}.Release|x86.Build.0 = Release|Any CPU
		{72E1D522-466E-4A42-90D9-7DEF8800DB98}.Release|x86.Deploy.0 = Release|Any CPU
		{74A5AC50-0447-45DF-B676-9D530302C422}.Debug|Any CPU.ActiveCfg = Debug|Any CPU
		{74A5AC50-0447-45DF-B676-9D530302C422}.Debug|Any CPU.Build.0 = Debug|Any CPU
		{74A5AC50-0447-45DF-B676-9D530302C422}.Debug|ARM.ActiveCfg = Debug|Any CPU
		{74A5AC50-0447-45DF-B676-9D530302C422}.Debug|ARM.Build.0 = Debug|Any CPU
		{74A5AC50-0447-45DF-B676-9D530302C422}.Debug|iPhone.ActiveCfg = Debug|Any CPU
		{74A5AC50-0447-45DF-B676-9D530302C422}.Debug|iPhone.Build.0 = Debug|Any CPU
		{74A5AC50-0447-45DF-B676-9D530302C422}.Debug|iPhoneSimulator.ActiveCfg = Debug|Any CPU
		{74A5AC50-0447-45DF-B676-9D530302C422}.Debug|iPhoneSimulator.Build.0 = Debug|Any CPU
		{74A5AC50-0447-45DF-B676-9D530302C422}.Debug|x64.ActiveCfg = Debug|Any CPU
		{74A5AC50-0447-45DF-B676-9D530302C422}.Debug|x64.Build.0 = Debug|Any CPU
		{74A5AC50-0447-45DF-B676-9D530302C422}.Debug|x86.ActiveCfg = Debug|Any CPU
		{74A5AC50-0447-45DF-B676-9D530302C422}.Debug|x86.Build.0 = Debug|Any CPU
		{74A5AC50-0447-45DF-B676-9D530302C422}.Release|Any CPU.ActiveCfg = Release|Any CPU
		{74A5AC50-0447-45DF-B676-9D530302C422}.Release|Any CPU.Build.0 = Release|Any CPU
		{74A5AC50-0447-45DF-B676-9D530302C422}.Release|ARM.ActiveCfg = Release|Any CPU
		{74A5AC50-0447-45DF-B676-9D530302C422}.Release|ARM.Build.0 = Release|Any CPU
		{74A5AC50-0447-45DF-B676-9D530302C422}.Release|iPhone.ActiveCfg = Release|Any CPU
		{74A5AC50-0447-45DF-B676-9D530302C422}.Release|iPhone.Build.0 = Release|Any CPU
		{74A5AC50-0447-45DF-B676-9D530302C422}.Release|iPhoneSimulator.ActiveCfg = Release|Any CPU
		{74A5AC50-0447-45DF-B676-9D530302C422}.Release|iPhoneSimulator.Build.0 = Release|Any CPU
		{74A5AC50-0447-45DF-B676-9D530302C422}.Release|x64.ActiveCfg = Release|Any CPU
		{74A5AC50-0447-45DF-B676-9D530302C422}.Release|x64.Build.0 = Release|Any CPU
		{74A5AC50-0447-45DF-B676-9D530302C422}.Release|x86.ActiveCfg = Release|Any CPU
		{74A5AC50-0447-45DF-B676-9D530302C422}.Release|x86.Build.0 = Release|Any CPU
		{79E4631F-B958-426A-B0CD-E4FEBDAE2C8E}.Debug|Any CPU.ActiveCfg = Debug|Any CPU
		{79E4631F-B958-426A-B0CD-E4FEBDAE2C8E}.Debug|Any CPU.Build.0 = Debug|Any CPU
		{79E4631F-B958-426A-B0CD-E4FEBDAE2C8E}.Debug|ARM.ActiveCfg = Debug|Any CPU
		{79E4631F-B958-426A-B0CD-E4FEBDAE2C8E}.Debug|ARM.Build.0 = Debug|Any CPU
		{79E4631F-B958-426A-B0CD-E4FEBDAE2C8E}.Debug|iPhone.ActiveCfg = Debug|Any CPU
		{79E4631F-B958-426A-B0CD-E4FEBDAE2C8E}.Debug|iPhone.Build.0 = Debug|Any CPU
		{79E4631F-B958-426A-B0CD-E4FEBDAE2C8E}.Debug|iPhoneSimulator.ActiveCfg = Debug|Any CPU
		{79E4631F-B958-426A-B0CD-E4FEBDAE2C8E}.Debug|iPhoneSimulator.Build.0 = Debug|Any CPU
		{79E4631F-B958-426A-B0CD-E4FEBDAE2C8E}.Debug|x64.ActiveCfg = Debug|Any CPU
		{79E4631F-B958-426A-B0CD-E4FEBDAE2C8E}.Debug|x64.Build.0 = Debug|Any CPU
		{79E4631F-B958-426A-B0CD-E4FEBDAE2C8E}.Debug|x86.ActiveCfg = Debug|Any CPU
		{79E4631F-B958-426A-B0CD-E4FEBDAE2C8E}.Debug|x86.Build.0 = Debug|Any CPU
		{79E4631F-B958-426A-B0CD-E4FEBDAE2C8E}.Release|Any CPU.ActiveCfg = Release|Any CPU
		{79E4631F-B958-426A-B0CD-E4FEBDAE2C8E}.Release|Any CPU.Build.0 = Release|Any CPU
		{79E4631F-B958-426A-B0CD-E4FEBDAE2C8E}.Release|ARM.ActiveCfg = Release|Any CPU
		{79E4631F-B958-426A-B0CD-E4FEBDAE2C8E}.Release|ARM.Build.0 = Release|Any CPU
		{79E4631F-B958-426A-B0CD-E4FEBDAE2C8E}.Release|iPhone.ActiveCfg = Release|Any CPU
		{79E4631F-B958-426A-B0CD-E4FEBDAE2C8E}.Release|iPhone.Build.0 = Release|Any CPU
		{79E4631F-B958-426A-B0CD-E4FEBDAE2C8E}.Release|iPhoneSimulator.ActiveCfg = Release|Any CPU
		{79E4631F-B958-426A-B0CD-E4FEBDAE2C8E}.Release|iPhoneSimulator.Build.0 = Release|Any CPU
		{79E4631F-B958-426A-B0CD-E4FEBDAE2C8E}.Release|x64.ActiveCfg = Release|Any CPU
		{79E4631F-B958-426A-B0CD-E4FEBDAE2C8E}.Release|x64.Build.0 = Release|Any CPU
		{79E4631F-B958-426A-B0CD-E4FEBDAE2C8E}.Release|x86.ActiveCfg = Release|Any CPU
		{79E4631F-B958-426A-B0CD-E4FEBDAE2C8E}.Release|x86.Build.0 = Release|Any CPU
		{A3B562A2-E399-4692-94F8-735D1370A005}.Debug|Any CPU.ActiveCfg = Debug|Any CPU
		{A3B562A2-E399-4692-94F8-735D1370A005}.Debug|Any CPU.Build.0 = Debug|Any CPU
		{A3B562A2-E399-4692-94F8-735D1370A005}.Debug|ARM.ActiveCfg = Debug|Any CPU
		{A3B562A2-E399-4692-94F8-735D1370A005}.Debug|ARM.Build.0 = Debug|Any CPU
		{A3B562A2-E399-4692-94F8-735D1370A005}.Debug|iPhone.ActiveCfg = Debug|Any CPU
		{A3B562A2-E399-4692-94F8-735D1370A005}.Debug|iPhone.Build.0 = Debug|Any CPU
		{A3B562A2-E399-4692-94F8-735D1370A005}.Debug|iPhoneSimulator.ActiveCfg = Debug|Any CPU
		{A3B562A2-E399-4692-94F8-735D1370A005}.Debug|iPhoneSimulator.Build.0 = Debug|Any CPU
		{A3B562A2-E399-4692-94F8-735D1370A005}.Debug|x64.ActiveCfg = Debug|Any CPU
		{A3B562A2-E399-4692-94F8-735D1370A005}.Debug|x64.Build.0 = Debug|Any CPU
		{A3B562A2-E399-4692-94F8-735D1370A005}.Debug|x86.ActiveCfg = Debug|Any CPU
		{A3B562A2-E399-4692-94F8-735D1370A005}.Debug|x86.Build.0 = Debug|Any CPU
		{A3B562A2-E399-4692-94F8-735D1370A005}.Release|Any CPU.ActiveCfg = Release|Any CPU
		{A3B562A2-E399-4692-94F8-735D1370A005}.Release|Any CPU.Build.0 = Release|Any CPU
		{A3B562A2-E399-4692-94F8-735D1370A005}.Release|ARM.ActiveCfg = Release|Any CPU
		{A3B562A2-E399-4692-94F8-735D1370A005}.Release|ARM.Build.0 = Release|Any CPU
		{A3B562A2-E399-4692-94F8-735D1370A005}.Release|iPhone.ActiveCfg = Release|Any CPU
		{A3B562A2-E399-4692-94F8-735D1370A005}.Release|iPhone.Build.0 = Release|Any CPU
		{A3B562A2-E399-4692-94F8-735D1370A005}.Release|iPhoneSimulator.ActiveCfg = Release|Any CPU
		{A3B562A2-E399-4692-94F8-735D1370A005}.Release|iPhoneSimulator.Build.0 = Release|Any CPU
		{A3B562A2-E399-4692-94F8-735D1370A005}.Release|x64.ActiveCfg = Release|Any CPU
		{A3B562A2-E399-4692-94F8-735D1370A005}.Release|x64.Build.0 = Release|Any CPU
		{A3B562A2-E399-4692-94F8-735D1370A005}.Release|x86.ActiveCfg = Release|Any CPU
		{A3B562A2-E399-4692-94F8-735D1370A005}.Release|x86.Build.0 = Release|Any CPU
	EndGlobalSection
	GlobalSection(SolutionProperties) = preSolution
		HideSolutionNode = FALSE
	EndGlobalSection
	GlobalSection(ExtensibilityGlobals) = postSolution
		SolutionGuid = {3886FE9A-A5FC-438B-991E-DDA1C11FD4FD}
	EndGlobalSection
EndGlobal
